// !$*UTF8*$!
{
	archiveVersion = 1;
	classes = {
	};
	objectVersion = 46;
	objects = {

/* Begin PBXBuildFile section */
		6697F57F1BC5AC0C00679313 /* AppDelegate.swift in Sources */ = {isa = PBXBuildFile; fileRef = 6697F57E1BC5AC0C00679313 /* AppDelegate.swift */; };
		6697F5811BC5AC0C00679313 /* ViewController.swift in Sources */ = {isa = PBXBuildFile; fileRef = 6697F5801BC5AC0C00679313 /* ViewController.swift */; };
		6697F5841BC5AC0C00679313 /* Main.storyboard in Resources */ = {isa = PBXBuildFile; fileRef = 6697F5821BC5AC0C00679313 /* Main.storyboard */; };
		6697F5861BC5AC0C00679313 /* Assets.xcassets in Resources */ = {isa = PBXBuildFile; fileRef = 6697F5851BC5AC0C00679313 /* Assets.xcassets */; };
		6697F5891BC5AC0C00679313 /* LaunchScreen.storyboard in Resources */ = {isa = PBXBuildFile; fileRef = 6697F5871BC5AC0C00679313 /* LaunchScreen.storyboard */; };
		6697F5941BC5AC0C00679313 /* bubblio_appTests.swift in Sources */ = {isa = PBXBuildFile; fileRef = 6697F5931BC5AC0C00679313 /* bubblio_appTests.swift */; };
		6697F59F1BC5AC0C00679313 /* bubblio_appUITests.swift in Sources */ = {isa = PBXBuildFile; fileRef = 6697F59E1BC5AC0C00679313 /* bubblio_appUITests.swift */; };
/* End PBXBuildFile section */

/* Begin PBXContainerItemProxy section */
		6697F5901BC5AC0C00679313 /* PBXContainerItemProxy */ = {
			isa = PBXContainerItemProxy;
			containerPortal = 6697F5731BC5AC0C00679313 /* Project object */;
			proxyType = 1;
			remoteGlobalIDString = 6697F57A1BC5AC0C00679313;
			remoteInfo = "bubblio-app";
		};
		6697F59B1BC5AC0C00679313 /* PBXContainerItemProxy */ = {
			isa = PBXContainerItemProxy;
			containerPortal = 6697F5731BC5AC0C00679313 /* Project object */;
			proxyType = 1;
			remoteGlobalIDString = 6697F57A1BC5AC0C00679313;
			remoteInfo = "bubblio-app";
		};
/* End PBXContainerItemProxy section */

/* Begin PBXFileReference section */
		6697F57B1BC5AC0C00679313 /* bubblio-app.app */ = {isa = PBXFileReference; explicitFileType = wrapper.application; includeInIndex = 0; path = "bubblio-app.app"; sourceTree = BUILT_PRODUCTS_DIR; };
		6697F57E1BC5AC0C00679313 /* AppDelegate.swift */ = {isa = PBXFileReference; lastKnownFileType = sourcecode.swift; path = AppDelegate.swift; sourceTree = "<group>"; };
		6697F5801BC5AC0C00679313 /* ViewController.swift */ = {isa = PBXFileReference; lastKnownFileType = sourcecode.swift; path = ViewController.swift; sourceTree = "<group>"; };
		6697F5831BC5AC0C00679313 /* Base */ = {isa = PBXFileReference; lastKnownFileType = file.storyboard; name = Base; path = Base.lproj/Main.storyboard; sourceTree = "<group>"; };
		6697F5851BC5AC0C00679313 /* Assets.xcassets */ = {isa = PBXFileReference; lastKnownFileType = folder.assetcatalog; path = Assets.xcassets; sourceTree = "<group>"; };
		6697F5881BC5AC0C00679313 /* Base */ = {isa = PBXFileReference; lastKnownFileType = file.storyboard; name = Base; path = Base.lproj/LaunchScreen.storyboard; sourceTree = "<group>"; };
		6697F58A1BC5AC0C00679313 /* Info.plist */ = {isa = PBXFileReference; lastKnownFileType = text.plist.xml; path = Info.plist; sourceTree = "<group>"; };
		6697F58F1BC5AC0C00679313 /* bubblio-appTests.xctest */ = {isa = PBXFileReference; explicitFileType = wrapper.cfbundle; includeInIndex = 0; path = "bubblio-appTests.xctest"; sourceTree = BUILT_PRODUCTS_DIR; };
		6697F5931BC5AC0C00679313 /* bubblio_appTests.swift */ = {isa = PBXFileReference; lastKnownFileType = sourcecode.swift; path = bubblio_appTests.swift; sourceTree = "<group>"; };
		6697F5951BC5AC0C00679313 /* Info.plist */ = {isa = PBXFileReference; lastKnownFileType = text.plist.xml; path = Info.plist; sourceTree = "<group>"; };
		6697F59A1BC5AC0C00679313 /* bubblio-appUITests.xctest */ = {isa = PBXFileReference; explicitFileType = wrapper.cfbundle; includeInIndex = 0; path = "bubblio-appUITests.xctest"; sourceTree = BUILT_PRODUCTS_DIR; };
		6697F59E1BC5AC0C00679313 /* bubblio_appUITests.swift */ = {isa = PBXFileReference; lastKnownFileType = sourcecode.swift; path = bubblio_appUITests.swift; sourceTree = "<group>"; };
		6697F5A01BC5AC0C00679313 /* Info.plist */ = {isa = PBXFileReference; lastKnownFileType = text.plist.xml; path = Info.plist; sourceTree = "<group>"; };
/* End PBXFileReference section */

/* Begin PBXFrameworksBuildPhase section */
		6697F5781BC5AC0C00679313 /* Frameworks */ = {
			isa = PBXFrameworksBuildPhase;
			buildActionMask = 2147483647;
			files = (
			);
			runOnlyForDeploymentPostprocessing = 0;
		};
		6697F58C1BC5AC0C00679313 /* Frameworks */ = {
			isa = PBXFrameworksBuildPhase;
			buildActionMask = 2147483647;
			files = (
			);
			runOnlyForDeploymentPostprocessing = 0;
		};
		6697F5971BC5AC0C00679313 /* Frameworks */ = {
			isa = PBXFrameworksBuildPhase;
			buildActionMask = 2147483647;
			files = (
			);
			runOnlyForDeploymentPostprocessing = 0;
		};
/* End PBXFrameworksBuildPhase section */

/* Begin PBXGroup section */
		6697F5721BC5AC0C00679313 = {
			isa = PBXGroup;
			children = (
				6697F57D1BC5AC0C00679313 /* bubblio-app */,
				6697F5921BC5AC0C00679313 /* bubblio-appTests */,
				6697F59D1BC5AC0C00679313 /* bubblio-appUITests */,
				6697F57C1BC5AC0C00679313 /* Products */,
			);
			sourceTree = "<group>";
		};
		6697F57C1BC5AC0C00679313 /* Products */ = {
			isa = PBXGroup;
			children = (
				6697F57B1BC5AC0C00679313 /* bubblio-app.app */,
				6697F58F1BC5AC0C00679313 /* bubblio-appTests.xctest */,
				6697F59A1BC5AC0C00679313 /* bubblio-appUITests.xctest */,
			);
			name = Products;
			sourceTree = "<group>";
		};
		6697F57D1BC5AC0C00679313 /* bubblio-app */ = {
			isa = PBXGroup;
			children = (
				6697F57E1BC5AC0C00679313 /* AppDelegate.swift */,
				6697F5801BC5AC0C00679313 /* ViewController.swift */,
				6697F5821BC5AC0C00679313 /* Main.storyboard */,
				6697F5851BC5AC0C00679313 /* Assets.xcassets */,
				6697F5871BC5AC0C00679313 /* LaunchScreen.storyboard */,
				6697F58A1BC5AC0C00679313 /* Info.plist */,
			);
			path = "bubblio-app";
			sourceTree = "<group>";
		};
		6697F5921BC5AC0C00679313 /* bubblio-appTests */ = {
			isa = PBXGroup;
			children = (
				6697F5931BC5AC0C00679313 /* bubblio_appTests.swift */,
				6697F5951BC5AC0C00679313 /* Info.plist */,
			);
			path = "bubblio-appTests";
			sourceTree = "<group>";
		};
		6697F59D1BC5AC0C00679313 /* bubblio-appUITests */ = {
			isa = PBXGroup;
			children = (
				6697F59E1BC5AC0C00679313 /* bubblio_appUITests.swift */,
				6697F5A01BC5AC0C00679313 /* Info.plist */,
			);
			path = "bubblio-appUITests";
			sourceTree = "<group>";
		};
/* End PBXGroup section */

/* Begin PBXNativeTarget section */
		6697F57A1BC5AC0C00679313 /* bubblio-app */ = {
			isa = PBXNativeTarget;
			buildConfigurationList = 6697F5A31BC5AC0C00679313 /* Build configuration list for PBXNativeTarget "bubblio-app" */;
			buildPhases = (
				6697F5771BC5AC0C00679313 /* Sources */,
				6697F5781BC5AC0C00679313 /* Frameworks */,
				6697F5791BC5AC0C00679313 /* Resources */,
			);
			buildRules = (
			);
			dependencies = (
			);
			name = "bubblio-app";
			productName = "bubblio-app";
			productReference = 6697F57B1BC5AC0C00679313 /* bubblio-app.app */;
			productType = "com.apple.product-type.application";
		};
		6697F58E1BC5AC0C00679313 /* bubblio-appTests */ = {
			isa = PBXNativeTarget;
			buildConfigurationList = 6697F5A61BC5AC0C00679313 /* Build configuration list for PBXNativeTarget "bubblio-appTests" */;
			buildPhases = (
				6697F58B1BC5AC0C00679313 /* Sources */,
				6697F58C1BC5AC0C00679313 /* Frameworks */,
				6697F58D1BC5AC0C00679313 /* Resources */,
			);
			buildRules = (
			);
			dependencies = (
				6697F5911BC5AC0C00679313 /* PBXTargetDependency */,
			);
			name = "bubblio-appTests";
			productName = "bubblio-appTests";
			productReference = 6697F58F1BC5AC0C00679313 /* bubblio-appTests.xctest */;
			productType = "com.apple.product-type.bundle.unit-test";
		};
		6697F5991BC5AC0C00679313 /* bubblio-appUITests */ = {
			isa = PBXNativeTarget;
			buildConfigurationList = 6697F5A91BC5AC0C00679313 /* Build configuration list for PBXNativeTarget "bubblio-appUITests" */;
			buildPhases = (
				6697F5961BC5AC0C00679313 /* Sources */,
				6697F5971BC5AC0C00679313 /* Frameworks */,
				6697F5981BC5AC0C00679313 /* Resources */,
			);
			buildRules = (
			);
			dependencies = (
				6697F59C1BC5AC0C00679313 /* PBXTargetDependency */,
			);
			name = "bubblio-appUITests";
			productName = "bubblio-appUITests";
			productReference = 6697F59A1BC5AC0C00679313 /* bubblio-appUITests.xctest */;
			productType = "com.apple.product-type.bundle.ui-testing";
		};
/* End PBXNativeTarget section */

/* Begin PBXProject section */
		6697F5731BC5AC0C00679313 /* Project object */ = {
			isa = PBXProject;
			attributes = {
				LastUpgradeCheck = 0710;
				ORGANIZATIONNAME = Norence;
				TargetAttributes = {
					6697F57A1BC5AC0C00679313 = {
						CreatedOnToolsVersion = 7.1;
						DevelopmentTeam = NUMEFQ2KAA;
					};
					6697F58E1BC5AC0C00679313 = {
						CreatedOnToolsVersion = 7.1;
						DevelopmentTeam = NUMEFQ2KAA;
						TestTargetID = 6697F57A1BC5AC0C00679313;
					};
					6697F5991BC5AC0C00679313 = {
						CreatedOnToolsVersion = 7.1;
						DevelopmentTeam = NUMEFQ2KAA;
						TestTargetID = 6697F57A1BC5AC0C00679313;
					};
				};
			};
			buildConfigurationList = 6697F5761BC5AC0C00679313 /* Build configuration list for PBXProject "bubblio-app" */;
			compatibilityVersion = "Xcode 3.2";
			developmentRegion = English;
			hasScannedForEncodings = 0;
			knownRegions = (
				en,
				Base,
			);
			mainGroup = 6697F5721BC5AC0C00679313;
			productRefGroup = 6697F57C1BC5AC0C00679313 /* Products */;
			projectDirPath = "";
			projectRoot = "";
			targets = (
				6697F57A1BC5AC0C00679313 /* bubblio-app */,
				6697F58E1BC5AC0C00679313 /* bubblio-appTests */,
				6697F5991BC5AC0C00679313 /* bubblio-appUITests */,
			);
		};
/* End PBXProject section */

/* Begin PBXResourcesBuildPhase section */
		6697F5791BC5AC0C00679313 /* Resources */ = {
			isa = PBXResourcesBuildPhase;
			buildActionMask = 2147483647;
			files = (
				6697F5891BC5AC0C00679313 /* LaunchScreen.storyboard in Resources */,
				6697F5861BC5AC0C00679313 /* Assets.xcassets in Resources */,
				6697F5841BC5AC0C00679313 /* Main.storyboard in Resources */,
			);
			runOnlyForDeploymentPostprocessing = 0;
		};
		6697F58D1BC5AC0C00679313 /* Resources */ = {
			isa = PBXResourcesBuildPhase;
			buildActionMask = 2147483647;
			files = (
			);
			runOnlyForDeploymentPostprocessing = 0;
		};
		6697F5981BC5AC0C00679313 /* Resources */ = {
			isa = PBXResourcesBuildPhase;
			buildActionMask = 2147483647;
			files = (
			);
			runOnlyForDeploymentPostprocessing = 0;
		};
/* End PBXResourcesBuildPhase section */

/* Begin PBXSourcesBuildPhase section */
		6697F5771BC5AC0C00679313 /* Sources */ = {
			isa = PBXSourcesBuildPhase;
			buildActionMask = 2147483647;
			files = (
				6697F5811BC5AC0C00679313 /* ViewController.swift in Sources */,
				6697F57F1BC5AC0C00679313 /* AppDelegate.swift in Sources */,
			);
			runOnlyForDeploymentPostprocessing = 0;
		};
		6697F58B1BC5AC0C00679313 /* Sources */ = {
			isa = PBXSourcesBuildPhase;
			buildActionMask = 2147483647;
			files = (
				6697F5941BC5AC0C00679313 /* bubblio_appTests.swift in Sources */,
			);
			runOnlyForDeploymentPostprocessing = 0;
		};
		6697F5961BC5AC0C00679313 /* Sources */ = {
			isa = PBXSourcesBuildPhase;
			buildActionMask = 2147483647;
			files = (
				6697F59F1BC5AC0C00679313 /* bubblio_appUITests.swift in Sources */,
			);
			runOnlyForDeploymentPostprocessing = 0;
		};
/* End PBXSourcesBuildPhase section */

/* Begin PBXTargetDependency section */
		6697F5911BC5AC0C00679313 /* PBXTargetDependency */ = {
			isa = PBXTargetDependency;
			target = 6697F57A1BC5AC0C00679313 /* bubblio-app */;
			targetProxy = 6697F5901BC5AC0C00679313 /* PBXContainerItemProxy */;
		};
		6697F59C1BC5AC0C00679313 /* PBXTargetDependency */ = {
			isa = PBXTargetDependency;
			target = 6697F57A1BC5AC0C00679313 /* bubblio-app */;
			targetProxy = 6697F59B1BC5AC0C00679313 /* PBXContainerItemProxy */;
		};
/* End PBXTargetDependency section */

/* Begin PBXVariantGroup section */
		6697F5821BC5AC0C00679313 /* Main.storyboard */ = {
			isa = PBXVariantGroup;
			children = (
				6697F5831BC5AC0C00679313 /* Base */,
			);
			name = Main.storyboard;
			sourceTree = "<group>";
		};
		6697F5871BC5AC0C00679313 /* LaunchScreen.storyboard */ = {
			isa = PBXVariantGroup;
			children = (
				6697F5881BC5AC0C00679313 /* Base */,
			);
			name = LaunchScreen.storyboard;
			sourceTree = "<group>";
		};
/* End PBXVariantGroup section */

/* Begin XCBuildConfiguration section */
		6697F5A11BC5AC0C00679313 /* Debug */ = {
			isa = XCBuildConfiguration;
			buildSettings = {
				ALWAYS_SEARCH_USER_PATHS = NO;
				CLANG_CXX_LANGUAGE_STANDARD = "gnu++0x";
				CLANG_CXX_LIBRARY = "libc++";
				CLANG_ENABLE_MODULES = YES;
				CLANG_ENABLE_OBJC_ARC = YES;
				CLANG_WARN_BOOL_CONVERSION = YES;
				CLANG_WARN_CONSTANT_CONVERSION = YES;
				CLANG_WARN_DIRECT_OBJC_ISA_USAGE = YES_ERROR;
				CLANG_WARN_EMPTY_BODY = YES;
				CLANG_WARN_ENUM_CONVERSION = YES;
				CLANG_WARN_INT_CONVERSION = YES;
				CLANG_WARN_OBJC_ROOT_CLASS = YES_ERROR;
				CLANG_WARN_UNREACHABLE_CODE = YES;
				CLANG_WARN__DUPLICATE_METHOD_MATCH = YES;
				"CODE_SIGN_IDENTITY[sdk=iphoneos*]" = "iPhone Developer";
				COPY_PHASE_STRIP = NO;
				DEBUG_INFORMATION_FORMAT = dwarf;
				ENABLE_STRICT_OBJC_MSGSEND = YES;
				ENABLE_TESTABILITY = YES;
				GCC_C_LANGUAGE_STANDARD = gnu99;
				GCC_DYNAMIC_NO_PIC = NO;
				GCC_NO_COMMON_BLOCKS = YES;
				GCC_OPTIMIZATION_LEVEL = 0;
				GCC_PREPROCESSOR_DEFINITIONS = (
					"DEBUG=1",
					"$(inherited)",
				);
				GCC_WARN_64_TO_32_BIT_CONVERSION = YES;
				GCC_WARN_ABOUT_RETURN_TYPE = YES_ERROR;
				GCC_WARN_UNDECLARED_SELECTOR = YES;
				GCC_WARN_UNINITIALIZED_AUTOS = YES_AGGRESSIVE;
				GCC_WARN_UNUSED_FUNCTION = YES;
				GCC_WARN_UNUSED_VARIABLE = YES;
				IPHONEOS_DEPLOYMENT_TARGET = 9.1;
				MTL_ENABLE_DEBUG_INFO = YES;
				ONLY_ACTIVE_ARCH = YES;
				SDKROOT = iphoneos;
				SWIFT_OPTIMIZATION_LEVEL = "-Onone";
			};
			name = Debug;
		};
		6697F5A21BC5AC0C00679313 /* Release */ = {
			isa = XCBuildConfiguration;
			buildSettings = {
				ALWAYS_SEARCH_USER_PATHS = NO;
				CLANG_CXX_LANGUAGE_STANDARD = "gnu++0x";
				CLANG_CXX_LIBRARY = "libc++";
				CLANG_ENABLE_MODULES = YES;
				CLANG_ENABLE_OBJC_ARC = YES;
				CLANG_WARN_BOOL_CONVERSION = YES;
				CLANG_WARN_CONSTANT_CONVERSION = YES;
				CLANG_WARN_DIRECT_OBJC_ISA_USAGE = YES_ERROR;
				CLANG_WARN_EMPTY_BODY = YES;
				CLANG_WARN_ENUM_CONVERSION = YES;
				CLANG_WARN_INT_CONVERSION = YES;
				CLANG_WARN_OBJC_ROOT_CLASS = YES_ERROR;
				CLANG_WARN_UNREACHABLE_CODE = YES;
				CLANG_WARN__DUPLICATE_METHOD_MATCH = YES;
				"CODE_SIGN_IDENTITY[sdk=iphoneos*]" = "iPhone Developer";
				COPY_PHASE_STRIP = NO;
				DEBUG_INFORMATION_FORMAT = "dwarf-with-dsym";
				ENABLE_NS_ASSERTIONS = NO;
				ENABLE_STRICT_OBJC_MSGSEND = YES;
				GCC_C_LANGUAGE_STANDARD = gnu99;
				GCC_NO_COMMON_BLOCKS = YES;
				GCC_WARN_64_TO_32_BIT_CONVERSION = YES;
				GCC_WARN_ABOUT_RETURN_TYPE = YES_ERROR;
				GCC_WARN_UNDECLARED_SELECTOR = YES;
				GCC_WARN_UNINITIALIZED_AUTOS = YES_AGGRESSIVE;
				GCC_WARN_UNUSED_FUNCTION = YES;
				GCC_WARN_UNUSED_VARIABLE = YES;
				IPHONEOS_DEPLOYMENT_TARGET = 9.1;
				MTL_ENABLE_DEBUG_INFO = NO;
				SDKROOT = iphoneos;
				VALIDATE_PRODUCT = YES;
			};
			name = Release;
		};
		6697F5A41BC5AC0C00679313 /* Debug */ = {
			isa = XCBuildConfiguration;
			buildSettings = {
				ASSETCATALOG_COMPILER_APPICON_NAME = AppIcon;
				INFOPLIST_FILE = "bubblio-app/Info.plist";
				LD_RUNPATH_SEARCH_PATHS = "$(inherited) @executable_path/Frameworks";
				PRODUCT_BUNDLE_IDENTIFIER = "com.norence.bubblio-app";
				PRODUCT_NAME = "$(TARGET_NAME)";
			};
			name = Debug;
		};
		6697F5A51BC5AC0C00679313 /* Release */ = {
			isa = XCBuildConfiguration;
			buildSettings = {
				ASSETCATALOG_COMPILER_APPICON_NAME = AppIcon;
				INFOPLIST_FILE = "bubblio-app/Info.plist";
				LD_RUNPATH_SEARCH_PATHS = "$(inherited) @executable_path/Frameworks";
				PRODUCT_BUNDLE_IDENTIFIER = "com.norence.bubblio-app";
				PRODUCT_NAME = "$(TARGET_NAME)";
			};
			name = Release;
		};
		6697F5A71BC5AC0C00679313 /* Debug */ = {
			isa = XCBuildConfiguration;
			buildSettings = {
				BUNDLE_LOADER = "$(TEST_HOST)";
				INFOPLIST_FILE = "bubblio-appTests/Info.plist";
				LD_RUNPATH_SEARCH_PATHS = "$(inherited) @executable_path/Frameworks @loader_path/Frameworks";
				PRODUCT_BUNDLE_IDENTIFIER = "com.norence.bubblio-appTests";
				PRODUCT_NAME = "$(TARGET_NAME)";
				TEST_HOST = "$(BUILT_PRODUCTS_DIR)/bubblio-app.app/bubblio-app";
			};
			name = Debug;
		};
		6697F5A81BC5AC0C00679313 /* Release */ = {
			isa = XCBuildConfiguration;
			buildSettings = {
				BUNDLE_LOADER = "$(TEST_HOST)";
				INFOPLIST_FILE = "bubblio-appTests/Info.plist";
				LD_RUNPATH_SEARCH_PATHS = "$(inherited) @executable_path/Frameworks @loader_path/Frameworks";
				PRODUCT_BUNDLE_IDENTIFIER = "com.norence.bubblio-appTests";
				PRODUCT_NAME = "$(TARGET_NAME)";
				TEST_HOST = "$(BUILT_PRODUCTS_DIR)/bubblio-app.app/bubblio-app";
			};
			name = Release;
		};
		6697F5AA1BC5AC0C00679313 /* Debug */ = {
			isa = XCBuildConfiguration;
			buildSettings = {
				INFOPLIST_FILE = "bubblio-appUITests/Info.plist";
				LD_RUNPATH_SEARCH_PATHS = "$(inherited) @executable_path/Frameworks @loader_path/Frameworks";
				PRODUCT_BUNDLE_IDENTIFIER = "com.norence.bubblio-appUITests";
				PRODUCT_NAME = "$(TARGET_NAME)";
				TEST_TARGET_NAME = "bubblio-app";
				USES_XCTRUNNER = YES;
			};
			name = Debug;
		};
		6697F5AB1BC5AC0C00679313 /* Release */ = {
			isa = XCBuildConfiguration;
			buildSettings = {
				INFOPLIST_FILE = "bubblio-appUITests/Info.plist";
				LD_RUNPATH_SEARCH_PATHS = "$(inherited) @executable_path/Frameworks @loader_path/Frameworks";
				PRODUCT_BUNDLE_IDENTIFIER = "com.norence.bubblio-appUITests";
				PRODUCT_NAME = "$(TARGET_NAME)";
				TEST_TARGET_NAME = "bubblio-app";
				USES_XCTRUNNER = YES;
			};
			name = Release;
		};
/* End XCBuildConfiguration section */

/* Begin XCConfigurationList section */
		6697F5761BC5AC0C00679313 /* Build configuration list for PBXProject "bubblio-app" */ = {
			isa = XCConfigurationList;
			buildConfigurations = (
				6697F5A11BC5AC0C00679313 /* Debug */,
				6697F5A21BC5AC0C00679313 /* Release */,
			);
			defaultConfigurationIsVisible = 0;
			defaultConfigurationName = Release;
		};
		6697F5A31BC5AC0C00679313 /* Build configuration list for PBXNativeTarget "bubblio-app" */ = {
			isa = XCConfigurationList;
			buildConfigurations = (
				6697F5A41BC5AC0C00679313 /* Debug */,
				6697F5A51BC5AC0C00679313 /* Release */,
			);
			defaultConfigurationIsVisible = 0;
		};
		6697F5A61BC5AC0C00679313 /* Build configuration list for PBXNativeTarget "bubblio-appTests" */ = {
			isa = XCConfigurationList;
			buildConfigurations = (
				6697F5A71BC5AC0C00679313 /* Debug */,
				6697F5A81BC5AC0C00679313 /* Release */,
			);
			defaultConfigurationIsVisible = 0;
		};
		6697F5A91BC5AC0C00679313 /* Build configuration list for PBXNativeTarget "bubblio-appUITests" */ = {
			isa = XCConfigurationList;
			buildConfigurations = (
				6697F5AA1BC5AC0C00679313 /* Debug */,
				6697F5AB1BC5AC0C00679313 /* Release */,
			);
			defaultConfigurationIsVisible = 0;
		};
/* End XCConfigurationList section */
	};
	rootObject = 6697F5731BC5AC0C00679313 /* Project object */;
}
